
Microsoft Visual Studio Solution File, Format Version 12.00
# Visual Studio 15
VisualStudioVersion = 15.0.27703.2000
MinimumVisualStudioVersion = 10.0.40219.1
Project("{9A19103F-16F7-4668-BE54-9A1E7A4F7556}") = "Terning1", "Terning1\Terning1.csproj", "{66CBDA65-9A69-4124-BD26-01C9A1099142}"
EndProject
Project("{FAE04EC0-301F-11D3-BF4B-00C04F79EFBC}") = "Properties", "Properties\Properties.csproj", "{F8B4D65C-C317-4F24-B1EA-6E21A817336A}"
EndProject
Project("{FAE04EC0-301F-11D3-BF4B-00C04F79EFBC}") = "More Properties", "More Properties\More Properties.csproj", "{A1D0294A-489B-4A31-A12E-1B6036798AC0}"
EndProject
Project("{FAE04EC0-301F-11D3-BF4B-00C04F79EFBC}") = "Properties 3", "Properties 3\Properties 3.csproj", "{0B5F276A-FB4F-4008-8EBD-FE8FCD7B695C}"
EndProject
Project("{FAE04EC0-301F-11D3-BF4B-00C04F79EFBC}") = "Static Methods", "Static Methods\Static Methods.csproj", "{1FF71DFB-CD65-49AB-84AB-520346E8F0DB}"
EndProject
Project("{FAE04EC0-301F-11D3-BF4B-00C04F79EFBC}") = "BestPractice", "BestPractice\BestPractice.csproj", "{7B7EC6C9-5472-4D57-B682-3EE77A26853E}"
EndProject
Project("{FAE04EC0-301F-11D3-BF4B-00C04F79EFBC}") = "MiniERP", "MiniERP\MiniERP.csproj", "{C7503349-114A-465A-AA4E-FB0F6F391D0A}"
EndProject
Project("{FAE04EC0-301F-11D3-BF4B-00C04F79EFBC}") = "SimpelKortSpil", "SimpelKortSpil\SimpelKortSpil.csproj", "{34CC70FA-347C-42D3-84EF-0C6E9909B14E}"
EndProject
Project("{FAE04EC0-301F-11D3-BF4B-00C04F79EFBC}") = "Teknologisk.Kerne.Terning", "Teknologisk.Kerne.Terning\Teknologisk.Kerne.Terning.csproj", "{7F34C8FB-B09E-44EE-AAFC-1DDBCB51C268}"
EndProject
Project("{FAE04EC0-301F-11D3-BF4B-00C04F79EFBC}") = "Teknologisk.Terning.Consoleapp", "Teknologisk.Terning.Consoleapp\Teknologisk.Terning.Consoleapp.csproj", "{39A0BB6E-33A5-41CC-8EE3-551878986CDE}"
EndProject
Project("{FAE04EC0-301F-11D3-BF4B-00C04F79EFBC}") = "Person", "Person\Person.csproj", "{B7924064-23F2-458C-A5AB-BBC11689E694}"
EndProject
Project("{FAE04EC0-301F-11D3-BF4B-00C04F79EFBC}") = "Arv", "Arv\Arv.csproj", "{6B236F29-4907-4E6D-80B0-8D411B9F07CE}"
EndProject
Project("{FAE04EC0-301F-11D3-BF4B-00C04F79EFBC}") = "LudoTerningOpgave", "LudoTerningOpgave\LudoTerningOpgave.csproj", "{86EEB2BC-6BE8-4EE1-A163-B4B59BFEA038}"
EndProject
Project("{FAE04EC0-301F-11D3-BF4B-00C04F79EFBC}") = "BasicTestInheritance", "BasicTestInheritance\BasicTestInheritance.csproj", "{33CF6A55-92E7-4319-8F69-F88C5BA8975F}"
EndProject
Project("{FAE04EC0-301F-11D3-BF4B-00C04F79EFBC}") = "Polymorfi", "Polymorfi\Polymorfi.csproj", "{D490C1BD-41D8-42C8-9D66-10C20D70968D}"
EndProject
Project("{FAE04EC0-301F-11D3-BF4B-00C04F79EFBC}") = "Polymorfi med dyr", "Polymorfi med dyr\Polymorfi med dyr.csproj", "{D0A5C9B7-4817-4A5D-B9A1-1B6558349DAB}"
EndProject
Global
	GlobalSection(SolutionConfigurationPlatforms) = preSolution
		Debug|Any CPU = Debug|Any CPU
		Release|Any CPU = Release|Any CPU
	EndGlobalSection
	GlobalSection(ProjectConfigurationPlatforms) = postSolution
		{66CBDA65-9A69-4124-BD26-01C9A1099142}.Debug|Any CPU.ActiveCfg = Debug|Any CPU
		{66CBDA65-9A69-4124-BD26-01C9A1099142}.Debug|Any CPU.Build.0 = Debug|Any CPU
		{66CBDA65-9A69-4124-BD26-01C9A1099142}.Release|Any CPU.ActiveCfg = Release|Any CPU
		{66CBDA65-9A69-4124-BD26-01C9A1099142}.Release|Any CPU.Build.0 = Release|Any CPU
		{F8B4D65C-C317-4F24-B1EA-6E21A817336A}.Debug|Any CPU.ActiveCfg = Debug|Any CPU
		{F8B4D65C-C317-4F24-B1EA-6E21A817336A}.Debug|Any CPU.Build.0 = Debug|Any CPU
		{F8B4D65C-C317-4F24-B1EA-6E21A817336A}.Release|Any CPU.ActiveCfg = Release|Any CPU
		{F8B4D65C-C317-4F24-B1EA-6E21A817336A}.Release|Any CPU.Build.0 = Release|Any CPU
		{A1D0294A-489B-4A31-A12E-1B6036798AC0}.Debug|Any CPU.ActiveCfg = Debug|Any CPU
		{A1D0294A-489B-4A31-A12E-1B6036798AC0}.Debug|Any CPU.Build.0 = Debug|Any CPU
		{A1D0294A-489B-4A31-A12E-1B6036798AC0}.Release|Any CPU.ActiveCfg = Release|Any CPU
		{A1D0294A-489B-4A31-A12E-1B6036798AC0}.Release|Any CPU.Build.0 = Release|Any CPU
		{0B5F276A-FB4F-4008-8EBD-FE8FCD7B695C}.Debug|Any CPU.ActiveCfg = Debug|Any CPU
		{0B5F276A-FB4F-4008-8EBD-FE8FCD7B695C}.Debug|Any CPU.Build.0 = Debug|Any CPU
		{0B5F276A-FB4F-4008-8EBD-FE8FCD7B695C}.Release|Any CPU.ActiveCfg = Release|Any CPU
		{0B5F276A-FB4F-4008-8EBD-FE8FCD7B695C}.Release|Any CPU.Build.0 = Release|Any CPU
		{1FF71DFB-CD65-49AB-84AB-520346E8F0DB}.Debug|Any CPU.ActiveCfg = Debug|Any CPU
		{1FF71DFB-CD65-49AB-84AB-520346E8F0DB}.Debug|Any CPU.Build.0 = Debug|Any CPU
		{1FF71DFB-CD65-49AB-84AB-520346E8F0DB}.Release|Any CPU.ActiveCfg = Release|Any CPU
		{1FF71DFB-CD65-49AB-84AB-520346E8F0DB}.Release|Any CPU.Build.0 = Release|Any CPU
		{7B7EC6C9-5472-4D57-B682-3EE77A26853E}.Debug|Any CPU.ActiveCfg = Debug|Any CPU
		{7B7EC6C9-5472-4D57-B682-3EE77A26853E}.Debug|Any CPU.Build.0 = Debug|Any CPU
		{7B7EC6C9-5472-4D57-B682-3EE77A26853E}.Release|Any CPU.ActiveCfg = Release|Any CPU
		{7B7EC6C9-5472-4D57-B682-3EE77A26853E}.Release|Any CPU.Build.0 = Release|Any CPU
		{C7503349-114A-465A-AA4E-FB0F6F391D0A}.Debug|Any CPU.ActiveCfg = Debug|Any CPU
		{C7503349-114A-465A-AA4E-FB0F6F391D0A}.Debug|Any CPU.Build.0 = Debug|Any CPU
		{C7503349-114A-465A-AA4E-FB0F6F391D0A}.Release|Any CPU.ActiveCfg = Release|Any CPU
		{C7503349-114A-465A-AA4E-FB0F6F391D0A}.Release|Any CPU.Build.0 = Release|Any CPU
		{34CC70FA-347C-42D3-84EF-0C6E9909B14E}.Debug|Any CPU.ActiveCfg = Debug|Any CPU
		{34CC70FA-347C-42D3-84EF-0C6E9909B14E}.Debug|Any CPU.Build.0 = Debug|Any CPU
		{34CC70FA-347C-42D3-84EF-0C6E9909B14E}.Release|Any CPU.ActiveCfg = Release|Any CPU
		{34CC70FA-347C-42D3-84EF-0C6E9909B14E}.Release|Any CPU.Build.0 = Release|Any CPU
		{7F34C8FB-B09E-44EE-AAFC-1DDBCB51C268}.Debug|Any CPU.ActiveCfg = Debug|Any CPU
		{7F34C8FB-B09E-44EE-AAFC-1DDBCB51C268}.Debug|Any CPU.Build.0 = Debug|Any CPU
		{7F34C8FB-B09E-44EE-AAFC-1DDBCB51C268}.Release|Any CPU.ActiveCfg = Release|Any CPU
		{7F34C8FB-B09E-44EE-AAFC-1DDBCB51C268}.Release|Any CPU.Build.0 = Release|Any CPU
		{39A0BB6E-33A5-41CC-8EE3-551878986CDE}.Debug|Any CPU.ActiveCfg = Debug|Any CPU
		{39A0BB6E-33A5-41CC-8EE3-551878986CDE}.Debug|Any CPU.Build.0 = Debug|Any CPU
		{39A0BB6E-33A5-41CC-8EE3-551878986CDE}.Release|Any CPU.ActiveCfg = Release|Any CPU
		{39A0BB6E-33A5-41CC-8EE3-551878986CDE}.Release|Any CPU.Build.0 = Release|Any CPU
		{B7924064-23F2-458C-A5AB-BBC11689E694}.Debug|Any CPU.ActiveCfg = Debug|Any CPU
		{B7924064-23F2-458C-A5AB-BBC11689E694}.Debug|Any CPU.Build.0 = Debug|Any CPU
		{B7924064-23F2-458C-A5AB-BBC11689E694}.Release|Any CPU.ActiveCfg = Release|Any CPU
		{B7924064-23F2-458C-A5AB-BBC11689E694}.Release|Any CPU.Build.0 = Release|Any CPU
		{6B236F29-4907-4E6D-80B0-8D411B9F07CE}.Debug|Any CPU.ActiveCfg = Debug|Any CPU
		{6B236F29-4907-4E6D-80B0-8D411B9F07CE}.Debug|Any CPU.Build.0 = Debug|Any CPU
		{6B236F29-4907-4E6D-80B0-8D411B9F07CE}.Release|Any CPU.ActiveCfg = Release|Any CPU
		{6B236F29-4907-4E6D-80B0-8D411B9F07CE}.Release|Any CPU.Build.0 = Release|Any CPU
		{86EEB2BC-6BE8-4EE1-A163-B4B59BFEA038}.Debug|Any CPU.ActiveCfg = Debug|Any CPU
		{86EEB2BC-6BE8-4EE1-A163-B4B59BFEA038}.Debug|Any CPU.Build.0 = Debug|Any CPU
		{86EEB2BC-6BE8-4EE1-A163-B4B59BFEA038}.Release|Any CPU.ActiveCfg = Release|Any CPU
		{86EEB2BC-6BE8-4EE1-A163-B4B59BFEA038}.Release|Any CPU.Build.0 = Release|Any CPU
		{33CF6A55-92E7-4319-8F69-F88C5BA8975F}.Debug|Any CPU.ActiveCfg = Debug|Any CPU
		{33CF6A55-92E7-4319-8F69-F88C5BA8975F}.Debug|Any CPU.Build.0 = Debug|Any CPU
		{33CF6A55-92E7-4319-8F69-F88C5BA8975F}.Release|Any CPU.ActiveCfg = Release|Any CPU
		{33CF6A55-92E7-4319-8F69-F88C5BA8975F}.Release|Any CPU.Build.0 = Release|Any CPU
		{D490C1BD-41D8-42C8-9D66-10C20D70968D}.Debug|Any CPU.ActiveCfg = Debug|Any CPU
		{D490C1BD-41D8-42C8-9D66-10C20D70968D}.Debug|Any CPU.Build.0 = Debug|Any CPU
		{D490C1BD-41D8-42C8-9D66-10C20D70968D}.Release|Any CPU.ActiveCfg = Release|Any CPU
		{D490C1BD-41D8-42C8-9D66-10C20D70968D}.Release|Any CPU.Build.0 = Release|Any CPU
		{D0A5C9B7-4817-4A5D-B9A1-1B6558349DAB}.Debug|Any CPU.ActiveCfg = Debug|Any CPU
		{D0A5C9B7-4817-4A5D-B9A1-1B6558349DAB}.Debug|Any CPU.Build.0 = Debug|Any CPU
		{D0A5C9B7-4817-4A5D-B9A1-1B6558349DAB}.Release|Any CPU.ActiveCfg = Release|Any CPU
		{D0A5C9B7-4817-4A5D-B9A1-1B6558349DAB}.Release|Any CPU.Build.0 = Release|Any CPU
	EndGlobalSection
	GlobalSection(SolutionProperties) = preSolution
		HideSolutionNode = FALSE
	EndGlobalSection
	GlobalSection(ExtensibilityGlobals) = postSolution
		SolutionGuid = {EE4E6AF9-6F27-4E88-B0CC-EB3208278E8A}
	EndGlobalSection
EndGlobal
